
Microsoft Visual Studio Solution File, Format Version 12.00
# Visual Studio 15
VisualStudioVersion = 15.0.28307.271
MinimumVisualStudioVersion = 10.0.40219.1
Project("{FAE04EC0-301F-11D3-BF4B-00C04F79EFBC}") = "JIStudentsManagerDB", "JIStudentsManagerDB\JIStudentsManagerDB.csproj", "{98ACF774-9DA1-4001-ACE3-AB25667F703A}"
EndProject
Global
	GlobalSection(SolutionConfigurationPlatforms) = preSolution
		Debug|Any CPU = Debug|Any CPU
		Release|Any CPU = Release|Any CPU
	EndGlobalSection
	GlobalSection(ProjectConfigurationPlatforms) = postSolution
		{98ACF774-9DA1-4001-ACE3-AB25667F703A}.Debug|Any CPU.ActiveCfg = Debug|Any CPU
		{98ACF774-9DA1-4001-ACE3-AB25667F703A}.Debug|Any CPU.Build.0 = Debug|Any CPU
		{98ACF774-9DA1-4001-ACE3-AB25667F703A}.Release|Any CPU.ActiveCfg = Release|Any CPU
		{98ACF774-9DA1-4001-ACE3-AB25667F703A}.Release|Any CPU.Build.0 = Release|Any CPU
	EndGlobalSection
	GlobalSection(SolutionProperties) = preSolution
		HideSolutionNode = FALSE
	EndGlobalSection
	GlobalSection(ExtensibilityGlobals) = postSolution
		SolutionGuid = {F3D4192F-2134-485C-A93B-3CFDF92F46A7}
	EndGlobalSection
EndGlobal
